
Microsoft Visual Studio Solution File, Format Version 12.00
# Visual Studio Version 16
VisualStudioVersion = 16.0.31205.134
MinimumVisualStudioVersion = 10.0.40219.1
Project("{2150E333-8FDC-42A3-9474-1A3956D46DE8}") = "services", "services", "{EE544BA3-6CF6-4937-B91D-29E68CBD3E37}"
EndProject
Project("{2150E333-8FDC-42A3-9474-1A3956D46DE8}") = "Catalog", "Catalog", "{30528E40-61A6-456B-9B25-87BD890FE963}"
EndProject
Project("{9A19103F-16F7-4668-BE54-9A1E7A4F7556}") = "Catalog.API", "services\Catalog\Catalog.API\Catalog.API.csproj", "{E0DBDD00-C82F-4E9B-A928-AA7CEF7FC808}"
EndProject
Project("{E53339B2-1760-4266-BCC7-CA923CBCF16C}") = "docker-compose", "docker-compose.dcproj", "{BED2D7C7-D738-44DC-A4BB-A3F93CF19433}"
EndProject
Project("{2150E333-8FDC-42A3-9474-1A3956D46DE8}") = "Basket", "Basket", "{85FEA6E4-D564-403A-94D1-6A4E9635E517}"
EndProject
Project("{9A19103F-16F7-4668-BE54-9A1E7A4F7556}") = "Basket.API", "services\Basket\Basket.API\Basket.API.csproj", "{6C917E42-5D4C-4919-8DC9-85DFBC7B058E}"
EndProject
Project("{2150E333-8FDC-42A3-9474-1A3956D46DE8}") = "Discount", "Discount", "{B0FA2C4E-D293-40B8-B648-57C3D80F5B6A}"
EndProject
Project("{9A19103F-16F7-4668-BE54-9A1E7A4F7556}") = "Discount.API", "services\Discount\Discount.API\Discount.API.csproj", "{4C7DD7AF-C7F2-44C5-9901-5668ADA9950F}"
EndProject
Project("{9A19103F-16F7-4668-BE54-9A1E7A4F7556}") = "Discount.Grpc", "services\Discount\Discount.Grpc\Discount.Grpc.csproj", "{78B26BD9-D53D-46A6-9643-057548799801}"
EndProject
Global
	GlobalSection(SolutionConfigurationPlatforms) = preSolution
		Debug|Any CPU = Debug|Any CPU
		Release|Any CPU = Release|Any CPU
	EndGlobalSection
	GlobalSection(ProjectConfigurationPlatforms) = postSolution
		{E0DBDD00-C82F-4E9B-A928-AA7CEF7FC808}.Debug|Any CPU.ActiveCfg = Debug|Any CPU
		{E0DBDD00-C82F-4E9B-A928-AA7CEF7FC808}.Debug|Any CPU.Build.0 = Debug|Any CPU
		{E0DBDD00-C82F-4E9B-A928-AA7CEF7FC808}.Release|Any CPU.ActiveCfg = Release|Any CPU
		{E0DBDD00-C82F-4E9B-A928-AA7CEF7FC808}.Release|Any CPU.Build.0 = Release|Any CPU
		{BED2D7C7-D738-44DC-A4BB-A3F93CF19433}.Debug|Any CPU.ActiveCfg = Debug|Any CPU
		{BED2D7C7-D738-44DC-A4BB-A3F93CF19433}.Debug|Any CPU.Build.0 = Debug|Any CPU
		{BED2D7C7-D738-44DC-A4BB-A3F93CF19433}.Release|Any CPU.ActiveCfg = Release|Any CPU
		{BED2D7C7-D738-44DC-A4BB-A3F93CF19433}.Release|Any CPU.Build.0 = Release|Any CPU
		{6C917E42-5D4C-4919-8DC9-85DFBC7B058E}.Debug|Any CPU.ActiveCfg = Debug|Any CPU
		{6C917E42-5D4C-4919-8DC9-85DFBC7B058E}.Debug|Any CPU.Build.0 = Debug|Any CPU
		{6C917E42-5D4C-4919-8DC9-85DFBC7B058E}.Release|Any CPU.ActiveCfg = Release|Any CPU
		{6C917E42-5D4C-4919-8DC9-85DFBC7B058E}.Release|Any CPU.Build.0 = Release|Any CPU
		{4C7DD7AF-C7F2-44C5-9901-5668ADA9950F}.Debug|Any CPU.ActiveCfg = Debug|Any CPU
		{4C7DD7AF-C7F2-44C5-9901-5668ADA9950F}.Debug|Any CPU.Build.0 = Debug|Any CPU
		{4C7DD7AF-C7F2-44C5-9901-5668ADA9950F}.Release|Any CPU.ActiveCfg = Release|Any CPU
		{4C7DD7AF-C7F2-44C5-9901-5668ADA9950F}.Release|Any CPU.Build.0 = Release|Any CPU
		{78B26BD9-D53D-46A6-9643-057548799801}.Debug|Any CPU.ActiveCfg = Debug|Any CPU
		{78B26BD9-D53D-46A6-9643-057548799801}.Debug|Any CPU.Build.0 = Debug|Any CPU
		{78B26BD9-D53D-46A6-9643-057548799801}.Release|Any CPU.ActiveCfg = Release|Any CPU
		{78B26BD9-D53D-46A6-9643-057548799801}.Release|Any CPU.Build.0 = Release|Any CPU
	EndGlobalSection
	GlobalSection(SolutionProperties) = preSolution
		HideSolutionNode = FALSE
	EndGlobalSection
	GlobalSection(NestedProjects) = preSolution
		{30528E40-61A6-456B-9B25-87BD890FE963} = {EE544BA3-6CF6-4937-B91D-29E68CBD3E37}
		{E0DBDD00-C82F-4E9B-A928-AA7CEF7FC808} = {30528E40-61A6-456B-9B25-87BD890FE963}
		{85FEA6E4-D564-403A-94D1-6A4E9635E517} = {EE544BA3-6CF6-4937-B91D-29E68CBD3E37}
		{6C917E42-5D4C-4919-8DC9-85DFBC7B058E} = {85FEA6E4-D564-403A-94D1-6A4E9635E517}
		{B0FA2C4E-D293-40B8-B648-57C3D80F5B6A} = {EE544BA3-6CF6-4937-B91D-29E68CBD3E37}
		{4C7DD7AF-C7F2-44C5-9901-5668ADA9950F} = {B0FA2C4E-D293-40B8-B648-57C3D80F5B6A}
		{78B26BD9-D53D-46A6-9643-057548799801} = {B0FA2C4E-D293-40B8-B648-57C3D80F5B6A}
	EndGlobalSection
	GlobalSection(ExtensibilityGlobals) = postSolution
		SolutionGuid = {8E0B27A3-ECA9-47E2-A284-D63E8FE707BC}
	EndGlobalSection
EndGlobal
